
Microsoft Visual Studio Solution File, Format Version 12.00
# Visual Studio Version 17
VisualStudioVersion = 17.5.33516.290
MinimumVisualStudioVersion = 10.0.40219.1
Project("{FAE04EC0-301F-11D3-BF4B-00C04F79EFBC}") = "Anagram_EqualOrNot", "Anagram_EqualOrNot\Anagram_EqualOrNot.csproj", "{2A7855DC-8E19-49B7-B085-8A3E15602D22}"
EndProject
Global
	GlobalSection(SolutionConfigurationPlatforms) = preSolution
		Debug|Any CPU = Debug|Any CPU
		Release|Any CPU = Release|Any CPU
	EndGlobalSection
	GlobalSection(ProjectConfigurationPlatforms) = postSolution
		{2A7855DC-8E19-49B7-B085-8A3E15602D22}.Debug|Any CPU.ActiveCfg = Debug|Any CPU
		{2A7855DC-8E19-49B7-B085-8A3E15602D22}.Debug|Any CPU.Build.0 = Debug|Any CPU
		{2A7855DC-8E19-49B7-B085-8A3E15602D22}.Release|Any CPU.ActiveCfg = Release|Any CPU
		{2A7855DC-8E19-49B7-B085-8A3E15602D22}.Release|Any CPU.Build.0 = Release|Any CPU
	EndGlobalSection
	GlobalSection(SolutionProperties) = preSolution
		HideSolutionNode = FALSE
	EndGlobalSection
	GlobalSection(ExtensibilityGlobals) = postSolution
		SolutionGuid = {6DC8DFF9-4AEF-45CD-9505-FD9015AFACE6}
	EndGlobalSection
EndGlobal
